
Microsoft Visual Studio Solution File, Format Version 12.00
# Visual Studio Version 16
VisualStudioVersion = 16.0.30002.166
MinimumVisualStudioVersion = 10.0.40219.1
Project("{9A19103F-16F7-4668-BE54-9A1E7A4F7556}") = "BankingSystem", "BankingSystem.csproj", "{6FBD08F2-C613-490A-9A18-0E62706A5917}"
EndProject
Global
	GlobalSection(SolutionConfigurationPlatforms) = preSolution
		Debug|Any CPU = Debug|Any CPU
		Release|Any CPU = Release|Any CPU
	EndGlobalSection
	GlobalSection(ProjectConfigurationPlatforms) = postSolution
		{6FBD08F2-C613-490A-9A18-0E62706A5917}.Debug|Any CPU.ActiveCfg = Debug|Any CPU
		{6FBD08F2-C613-490A-9A18-0E62706A5917}.Debug|Any CPU.Build.0 = Debug|Any CPU
		{6FBD08F2-C613-490A-9A18-0E62706A5917}.Release|Any CPU.ActiveCfg = Release|Any CPU
		{6FBD08F2-C613-490A-9A18-0E62706A5917}.Release|Any CPU.Build.0 = Release|Any CPU
	EndGlobalSection
	GlobalSection(SolutionProperties) = preSolution
		HideSolutionNode = FALSE
	EndGlobalSection
	GlobalSection(ExtensibilityGlobals) = postSolution
		SolutionGuid = {973587D4-B619-45AD-BBE4-6817C18A30D1}
	EndGlobalSection
EndGlobal
