
Microsoft Visual Studio Solution File, Format Version 12.00
# Visual Studio 15
VisualStudioVersion = 15.0.26124.0
MinimumVisualStudioVersion = 15.0.26124.0
Project("{FAE04EC0-301F-11D3-BF4B-00C04F79EFBC}") = "BankingSystem", "BankingSystem\BankingSystem.csproj", "{8A44A2C5-3653-41EC-A29D-6FCF06DD5CFF}"
EndProject
Project("{FAE04EC0-301F-11D3-BF4B-00C04F79EFBC}") = "BankingSystem.Tests", "BankingSystem.Tests\BankingSystem.Tests.csproj", "{9CAA9FBC-C6AC-4E51-89A9-B762E99A7A5E}"
EndProject
Global
	GlobalSection(SolutionConfigurationPlatforms) = preSolution
		Debug|Any CPU = Debug|Any CPU
		Debug|x64 = Debug|x64
		Debug|x86 = Debug|x86
		Release|Any CPU = Release|Any CPU
		Release|x64 = Release|x64
		Release|x86 = Release|x86
	EndGlobalSection
	GlobalSection(SolutionProperties) = preSolution
		HideSolutionNode = FALSE
	EndGlobalSection
	GlobalSection(ProjectConfigurationPlatforms) = postSolution
		{8A44A2C5-3653-41EC-A29D-6FCF06DD5CFF}.Debug|Any CPU.ActiveCfg = Debug|Any CPU
		{8A44A2C5-3653-41EC-A29D-6FCF06DD5CFF}.Debug|Any CPU.Build.0 = Debug|Any CPU
		{8A44A2C5-3653-41EC-A29D-6FCF06DD5CFF}.Debug|x64.ActiveCfg = Debug|Any CPU
		{8A44A2C5-3653-41EC-A29D-6FCF06DD5CFF}.Debug|x64.Build.0 = Debug|Any CPU
		{8A44A2C5-3653-41EC-A29D-6FCF06DD5CFF}.Debug|x86.ActiveCfg = Debug|Any CPU
		{8A44A2C5-3653-41EC-A29D-6FCF06DD5CFF}.Debug|x86.Build.0 = Debug|Any CPU
		{8A44A2C5-3653-41EC-A29D-6FCF06DD5CFF}.Release|Any CPU.ActiveCfg = Release|Any CPU
		{8A44A2C5-3653-41EC-A29D-6FCF06DD5CFF}.Release|Any CPU.Build.0 = Release|Any CPU
		{8A44A2C5-3653-41EC-A29D-6FCF06DD5CFF}.Release|x64.ActiveCfg = Release|Any CPU
		{8A44A2C5-3653-41EC-A29D-6FCF06DD5CFF}.Release|x64.Build.0 = Release|Any CPU
		{8A44A2C5-3653-41EC-A29D-6FCF06DD5CFF}.Release|x86.ActiveCfg = Release|Any CPU
		{8A44A2C5-3653-41EC-A29D-6FCF06DD5CFF}.Release|x86.Build.0 = Release|Any CPU
		{9CAA9FBC-C6AC-4E51-89A9-B762E99A7A5E}.Debug|Any CPU.ActiveCfg = Debug|Any CPU
		{9CAA9FBC-C6AC-4E51-89A9-B762E99A7A5E}.Debug|Any CPU.Build.0 = Debug|Any CPU
		{9CAA9FBC-C6AC-4E51-89A9-B762E99A7A5E}.Debug|x64.ActiveCfg = Debug|Any CPU
		{9CAA9FBC-C6AC-4E51-89A9-B762E99A7A5E}.Debug|x64.Build.0 = Debug|Any CPU
		{9CAA9FBC-C6AC-4E51-89A9-B762E99A7A5E}.Debug|x86.ActiveCfg = Debug|Any CPU
		{9CAA9FBC-C6AC-4E51-89A9-B762E99A7A5E}.Debug|x86.Build.0 = Debug|Any CPU
		{9CAA9FBC-C6AC-4E51-89A9-B762E99A7A5E}.Release|Any CPU.ActiveCfg = Release|Any CPU
		{9CAA9FBC-C6AC-4E51-89A9-B762E99A7A5E}.Release|Any CPU.Build.0 = Release|Any CPU
		{9CAA9FBC-C6AC-4E51-89A9-B762E99A7A5E}.Release|x64.ActiveCfg = Release|Any CPU
		{9CAA9FBC-C6AC-4E51-89A9-B762E99A7A5E}.Release|x64.Build.0 = Release|Any CPU
		{9CAA9FBC-C6AC-4E51-89A9-B762E99A7A5E}.Release|x86.ActiveCfg = Release|Any CPU
		{9CAA9FBC-C6AC-4E51-89A9-B762E99A7A5E}.Release|x86.Build.0 = Release|Any CPU
	EndGlobalSection
EndGlobal
